
Microsoft Visual Studio Solution File, Format Version 12.00
# Visual Studio 14
VisualStudioVersion = 14.0.24720.0
MinimumVisualStudioVersion = 10.0.40219.1
Project("{FAE04EC0-301F-11D3-BF4B-00C04F79EFBC}") = "Discounts", "Discounts\Discounts.csproj", "{3D3540BA-4A4F-4A51-ACD7-B65D185C39FB}"
EndProject
Project("{FAE04EC0-301F-11D3-BF4B-00C04F79EFBC}") = "View", "View\View.csproj", "{E483BEAC-D850-49C9-9448-0CC0A752B2FE}"
	ProjectSection(ProjectDependencies) = postProject
		{3D3540BA-4A4F-4A51-ACD7-B65D185C39FB} = {3D3540BA-4A4F-4A51-ACD7-B65D185C39FB}
	EndProjectSection
EndProject
Global
	GlobalSection(SolutionConfigurationPlatforms) = preSolution
		Debug|Any CPU = Debug|Any CPU
		Release|Any CPU = Release|Any CPU
	EndGlobalSection
	GlobalSection(ProjectConfigurationPlatforms) = postSolution
		{3D3540BA-4A4F-4A51-ACD7-B65D185C39FB}.Debug|Any CPU.ActiveCfg = Debug|Any CPU
		{3D3540BA-4A4F-4A51-ACD7-B65D185C39FB}.Debug|Any CPU.Build.0 = Debug|Any CPU
		{3D3540BA-4A4F-4A51-ACD7-B65D185C39FB}.Release|Any CPU.ActiveCfg = Release|Any CPU
		{3D3540BA-4A4F-4A51-ACD7-B65D185C39FB}.Release|Any CPU.Build.0 = Release|Any CPU
		{E483BEAC-D850-49C9-9448-0CC0A752B2FE}.Debug|Any CPU.ActiveCfg = Debug|Any CPU
		{E483BEAC-D850-49C9-9448-0CC0A752B2FE}.Debug|Any CPU.Build.0 = Debug|Any CPU
		{E483BEAC-D850-49C9-9448-0CC0A752B2FE}.Release|Any CPU.ActiveCfg = Release|Any CPU
		{E483BEAC-D850-49C9-9448-0CC0A752B2FE}.Release|Any CPU.Build.0 = Release|Any CPU
	EndGlobalSection
	GlobalSection(SolutionProperties) = preSolution
		HideSolutionNode = FALSE
	EndGlobalSection
EndGlobal
